
Microsoft Visual Studio Solution File, Format Version 12.00
# Visual Studio 15
VisualStudioVersion = 15.0.28307.902
MinimumVisualStudioVersion = 10.0.40219.1
Project("{FAE04EC0-301F-11D3-BF4B-00C04F79EFBC}") = "Client", "Client\Client.csproj", "{12758630-3DB6-4D92-A432-B30847190300}"
EndProject
Global
	GlobalSection(SolutionConfigurationPlatforms) = preSolution
		Debug|Any CPU = Debug|Any CPU
		Release|Any CPU = Release|Any CPU
	EndGlobalSection
	GlobalSection(ProjectConfigurationPlatforms) = postSolution
		{12758630-3DB6-4D92-A432-B30847190300}.Debug|Any CPU.ActiveCfg = Debug|Any CPU
		{12758630-3DB6-4D92-A432-B30847190300}.Debug|Any CPU.Build.0 = Debug|Any CPU
		{12758630-3DB6-4D92-A432-B30847190300}.Release|Any CPU.ActiveCfg = Release|Any CPU
		{12758630-3DB6-4D92-A432-B30847190300}.Release|Any CPU.Build.0 = Release|Any CPU
	EndGlobalSection
	GlobalSection(SolutionProperties) = preSolution
		HideSolutionNode = FALSE
	EndGlobalSection
	GlobalSection(ExtensibilityGlobals) = postSolution
		SolutionGuid = {D8D01A27-674B-4B11-B93C-B858F664CA14}
	EndGlobalSection
EndGlobal
